// !$*UTF8*$!
{
	archiveVersion = 1;
	classes = {
	};
	objectVersion = 50;
	objects = {

/* Begin PBXBuildFile section */
		91009BD624A480BB00CCC8E4 /* AppDelegate.swift in Sources */ = {isa = PBXBuildFile; fileRef = 91009BD524A480BB00CCC8E4 /* AppDelegate.swift */; };
		91009BD824A480BB00CCC8E4 /* SceneDelegate.swift in Sources */ = {isa = PBXBuildFile; fileRef = 91009BD724A480BB00CCC8E4 /* SceneDelegate.swift */; };
		91009BDA24A480BB00CCC8E4 /* ContentView.swift in Sources */ = {isa = PBXBuildFile; fileRef = 91009BD924A480BB00CCC8E4 /* ContentView.swift */; };
		91009BDC24A480BC00CCC8E4 /* Assets.xcassets in Resources */ = {isa = PBXBuildFile; fileRef = 91009BDB24A480BC00CCC8E4 /* Assets.xcassets */; };
		91009BDF24A480BC00CCC8E4 /* Preview Assets.xcassets in Resources */ = {isa = PBXBuildFile; fileRef = 91009BDE24A480BC00CCC8E4 /* Preview Assets.xcassets */; };
		91009BE224A480BC00CCC8E4 /* LaunchScreen.storyboard in Resources */ = {isa = PBXBuildFile; fileRef = 91009BE024A480BC00CCC8E4 /* LaunchScreen.storyboard */; };
		91009BED24A480BC00CCC8E4 /* E_CommerceAppTests.swift in Sources */ = {isa = PBXBuildFile; fileRef = 91009BEC24A480BC00CCC8E4 /* E_CommerceAppTests.swift */; };
/* End PBXBuildFile section */

/* Begin PBXContainerItemProxy section */
		91009BE924A480BC00CCC8E4 /* PBXContainerItemProxy */ = {
			isa = PBXContainerItemProxy;
			containerPortal = 91009BCA24A480BB00CCC8E4 /* Project object */;
			proxyType = 1;
			remoteGlobalIDString = 91009BD124A480BB00CCC8E4;
			remoteInfo = "E-CommerceApp";
		};
/* End PBXContainerItemProxy section */

/* Begin PBXFileReference section */
		91009BD224A480BB00CCC8E4 /* E-CommerceApp.app */ = {isa = PBXFileReference; explicitFileType = wrapper.application; includeInIndex = 0; path = "E-CommerceApp.app"; sourceTree = BUILT_PRODUCTS_DIR; };
		91009BD524A480BB00CCC8E4 /* AppDelegate.swift */ = {isa = PBXFileReference; lastKnownFileType = sourcecode.swift; path = AppDelegate.swift; sourceTree = "<group>"; };
		91009BD724A480BB00CCC8E4 /* SceneDelegate.swift */ = {isa = PBXFileReference; lastKnownFileType = sourcecode.swift; path = SceneDelegate.swift; sourceTree = "<group>"; };
		91009BD924A480BB00CCC8E4 /* ContentView.swift */ = {isa = PBXFileReference; lastKnownFileType = sourcecode.swift; path = ContentView.swift; sourceTree = "<group>"; };
		91009BDB24A480BC00CCC8E4 /* Assets.xcassets */ = {isa = PBXFileReference; lastKnownFileType = folder.assetcatalog; path = Assets.xcassets; sourceTree = "<group>"; };
		91009BDE24A480BC00CCC8E4 /* Preview Assets.xcassets */ = {isa = PBXFileReference; lastKnownFileType = folder.assetcatalog; path = "Preview Assets.xcassets"; sourceTree = "<group>"; };
		91009BE124A480BC00CCC8E4 /* Base */ = {isa = PBXFileReference; lastKnownFileType = file.storyboard; name = Base; path = Base.lproj/LaunchScreen.storyboard; sourceTree = "<group>"; };
		91009BE324A480BC00CCC8E4 /* Info.plist */ = {isa = PBXFileReference; lastKnownFileType = text.plist.xml; path = Info.plist; sourceTree = "<group>"; };
		91009BE824A480BC00CCC8E4 /* E-CommerceAppTests.xctest */ = {isa = PBXFileReference; explicitFileType = wrapper.cfbundle; includeInIndex = 0; path = "E-CommerceAppTests.xctest"; sourceTree = BUILT_PRODUCTS_DIR; };
		91009BEC24A480BC00CCC8E4 /* E_CommerceAppTests.swift */ = {isa = PBXFileReference; lastKnownFileType = sourcecode.swift; path = E_CommerceAppTests.swift; sourceTree = "<group>"; };
		91009BEE24A480BC00CCC8E4 /* Info.plist */ = {isa = PBXFileReference; lastKnownFileType = text.plist.xml; path = Info.plist; sourceTree = "<group>"; };
/* End PBXFileReference section */

/* Begin PBXFrameworksBuildPhase section */
		91009BCF24A480BB00CCC8E4 /* Frameworks */ = {
			isa = PBXFrameworksBuildPhase;
			buildActionMask = 2147483647;
			files = (
			);
			runOnlyForDeploymentPostprocessing = 0;
		};
		91009BE524A480BC00CCC8E4 /* Frameworks */ = {
			isa = PBXFrameworksBuildPhase;
			buildActionMask = 2147483647;
			files = (
			);
			runOnlyForDeploymentPostprocessing = 0;
		};
/* End PBXFrameworksBuildPhase section */

/* Begin PBXGroup section */
		91009BC924A480BB00CCC8E4 = {
			isa = PBXGroup;
			children = (
				91009BD424A480BB00CCC8E4 /* E-CommerceApp */,
				91009BEB24A480BC00CCC8E4 /* E-CommerceAppTests */,
				91009BD324A480BB00CCC8E4 /* Products */,
			);
			sourceTree = "<group>";
		};
		91009BD324A480BB00CCC8E4 /* Products */ = {
			isa = PBXGroup;
			children = (
				91009BD224A480BB00CCC8E4 /* E-CommerceApp.app */,
				91009BE824A480BC00CCC8E4 /* E-CommerceAppTests.xctest */,
			);
			name = Products;
			sourceTree = "<group>";
		};
		91009BD424A480BB00CCC8E4 /* E-CommerceApp */ = {
			isa = PBXGroup;
			children = (
				91009BD524A480BB00CCC8E4 /* AppDelegate.swift */,
				91009BD724A480BB00CCC8E4 /* SceneDelegate.swift */,
				91009BD924A480BB00CCC8E4 /* ContentView.swift */,
				91009BDB24A480BC00CCC8E4 /* Assets.xcassets */,
				91009BE024A480BC00CCC8E4 /* LaunchScreen.storyboard */,
				91009BE324A480BC00CCC8E4 /* Info.plist */,
				91009BDD24A480BC00CCC8E4 /* Preview Content */,
			);
			path = "E-CommerceApp";
			sourceTree = "<group>";
		};
		91009BDD24A480BC00CCC8E4 /* Preview Content */ = {
			isa = PBXGroup;
			children = (
				91009BDE24A480BC00CCC8E4 /* Preview Assets.xcassets */,
			);
			path = "Preview Content";
			sourceTree = "<group>";
		};
		91009BEB24A480BC00CCC8E4 /* E-CommerceAppTests */ = {
			isa = PBXGroup;
			children = (
				91009BEC24A480BC00CCC8E4 /* E_CommerceAppTests.swift */,
				91009BEE24A480BC00CCC8E4 /* Info.plist */,
			);
			path = "E-CommerceAppTests";
			sourceTree = "<group>";
		};
/* End PBXGroup section */

/* Begin PBXNativeTarget section */
		91009BD124A480BB00CCC8E4 /* E-CommerceApp */ = {
			isa = PBXNativeTarget;
			buildConfigurationList = 91009BF124A480BC00CCC8E4 /* Build configuration list for PBXNativeTarget "E-CommerceApp" */;
			buildPhases = (
				91009BCE24A480BB00CCC8E4 /* Sources */,
				91009BCF24A480BB00CCC8E4 /* Frameworks */,
				91009BD024A480BB00CCC8E4 /* Resources */,
			);
			buildRules = (
			);
			dependencies = (
			);
			name = "E-CommerceApp";
			productName = "E-CommerceApp";
			productReference = 91009BD224A480BB00CCC8E4 /* E-CommerceApp.app */;
			productType = "com.apple.product-type.application";
		};
		91009BE724A480BC00CCC8E4 /* E-CommerceAppTests */ = {
			isa = PBXNativeTarget;
			buildConfigurationList = 91009BF424A480BC00CCC8E4 /* Build configuration list for PBXNativeTarget "E-CommerceAppTests" */;
			buildPhases = (
				91009BE424A480BC00CCC8E4 /* Sources */,
				91009BE524A480BC00CCC8E4 /* Frameworks */,
				91009BE624A480BC00CCC8E4 /* Resources */,
			);
			buildRules = (
			);
			dependencies = (
				91009BEA24A480BC00CCC8E4 /* PBXTargetDependency */,
			);
			name = "E-CommerceAppTests";
			productName = "E-CommerceAppTests";
			productReference = 91009BE824A480BC00CCC8E4 /* E-CommerceAppTests.xctest */;
			productType = "com.apple.product-type.bundle.unit-test";
		};
/* End PBXNativeTarget section */

/* Begin PBXProject section */
		91009BCA24A480BB00CCC8E4 /* Project object */ = {
			isa = PBXProject;
			attributes = {
				LastSwiftUpdateCheck = 1150;
				LastUpgradeCheck = 1150;
				ORGANIZATIONNAME = theappmaker;
				TargetAttributes = {
					91009BD124A480BB00CCC8E4 = {
						CreatedOnToolsVersion = 11.5;
					};
					91009BE724A480BC00CCC8E4 = {
						CreatedOnToolsVersion = 11.5;
						TestTargetID = 91009BD124A480BB00CCC8E4;
					};
				};
			};
			buildConfigurationList = 91009BCD24A480BB00CCC8E4 /* Build configuration list for PBXProject "E-CommerceApp" */;
			compatibilityVersion = "Xcode 9.3";
			developmentRegion = en;
			hasScannedForEncodings = 0;
			knownRegions = (
				en,
				Base,
			);
			mainGroup = 91009BC924A480BB00CCC8E4;
			productRefGroup = 91009BD324A480BB00CCC8E4 /* Products */;
			projectDirPath = "";
			projectRoot = "";
			targets = (
				91009BD124A480BB00CCC8E4 /* E-CommerceApp */,
				91009BE724A480BC00CCC8E4 /* E-CommerceAppTests */,
			);
		};
/* End PBXProject section */

/* Begin PBXResourcesBuildPhase section */
		91009BD024A480BB00CCC8E4 /* Resources */ = {
			isa = PBXResourcesBuildPhase;
			buildActionMask = 2147483647;
			files = (
				91009BE224A480BC00CCC8E4 /* LaunchScreen.storyboard in Resources */,
				91009BDF24A480BC00CCC8E4 /* Preview Assets.xcassets in Resources */,
				91009BDC24A480BC00CCC8E4 /* Assets.xcassets in Resources */,
			);
			runOnlyForDeploymentPostprocessing = 0;
		};
		91009BE624A480BC00CCC8E4 /* Resources */ = {
			isa = PBXResourcesBuildPhase;
			buildActionMask = 2147483647;
			files = (
			);
			runOnlyForDeploymentPostprocessing = 0;
		};
/* End PBXResourcesBuildPhase section */

/* Begin PBXSourcesBuildPhase section */
		91009BCE24A480BB00CCC8E4 /* Sources */ = {
			isa = PBXSourcesBuildPhase;
			buildActionMask = 2147483647;
			files = (
				91009BD624A480BB00CCC8E4 /* AppDelegate.swift in Sources */,
				91009BD824A480BB00CCC8E4 /* SceneDelegate.swift in Sources */,
				91009BDA24A480BB00CCC8E4 /* ContentView.swift in Sources */,
			);
			runOnlyForDeploymentPostprocessing = 0;
		};
		91009BE424A480BC00CCC8E4 /* Sources */ = {
			isa = PBXSourcesBuildPhase;
			buildActionMask = 2147483647;
			files = (
				91009BED24A480BC00CCC8E4 /* E_CommerceAppTests.swift in Sources */,
			);
			runOnlyForDeploymentPostprocessing = 0;
		};
/* End PBXSourcesBuildPhase section */

/* Begin PBXTargetDependency section */
		91009BEA24A480BC00CCC8E4 /* PBXTargetDependency */ = {
			isa = PBXTargetDependency;
			target = 91009BD124A480BB00CCC8E4 /* E-CommerceApp */;
			targetProxy = 91009BE924A480BC00CCC8E4 /* PBXContainerItemProxy */;
		};
/* End PBXTargetDependency section */

/* Begin PBXVariantGroup section */
		91009BE024A480BC00CCC8E4 /* LaunchScreen.storyboard */ = {
			isa = PBXVariantGroup;
			children = (
				91009BE124A480BC00CCC8E4 /* Base */,
			);
			name = LaunchScreen.storyboard;
			sourceTree = "<group>";
		};
/* End PBXVariantGroup section */

/* Begin XCBuildConfiguration section */
		91009BEF24A480BC00CCC8E4 /* Debug */ = {
			isa = XCBuildConfiguration;
			buildSettings = {
				ALWAYS_SEARCH_USER_PATHS = NO;
				CLANG_ANALYZER_NONNULL = YES;
				CLANG_ANALYZER_NUMBER_OBJECT_CONVERSION = YES_AGGRESSIVE;
				CLANG_CXX_LANGUAGE_STANDARD = "gnu++14";
				CLANG_CXX_LIBRARY = "libc++";
				CLANG_ENABLE_MODULES = YES;
				CLANG_ENABLE_OBJC_ARC = YES;
				CLANG_ENABLE_OBJC_WEAK = YES;
				CLANG_WARN_BLOCK_CAPTURE_AUTORELEASING = YES;
				CLANG_WARN_BOOL_CONVERSION = YES;
				CLANG_WARN_COMMA = YES;
				CLANG_WARN_CONSTANT_CONVERSION = YES;
				CLANG_WARN_DEPRECATED_OBJC_IMPLEMENTATIONS = YES;
				CLANG_WARN_DIRECT_OBJC_ISA_USAGE = YES_ERROR;
				CLANG_WARN_DOCUMENTATION_COMMENTS = YES;
				CLANG_WARN_EMPTY_BODY = YES;
				CLANG_WARN_ENUM_CONVERSION = YES;
				CLANG_WARN_INFINITE_RECURSION = YES;
				CLANG_WARN_INT_CONVERSION = YES;
				CLANG_WARN_NON_LITERAL_NULL_CONVERSION = YES;
				CLANG_WARN_OBJC_IMPLICIT_RETAIN_SELF = YES;
				CLANG_WARN_OBJC_LITERAL_CONVERSION = YES;
				CLANG_WARN_OBJC_ROOT_CLASS = YES_ERROR;
				CLANG_WARN_RANGE_LOOP_ANALYSIS = YES;
				CLANG_WARN_STRICT_PROTOTYPES = YES;
				CLANG_WARN_SUSPICIOUS_MOVE = YES;
				CLANG_WARN_UNGUARDED_AVAILABILITY = YES_AGGRESSIVE;
				CLANG_WARN_UNREACHABLE_CODE = YES;
				CLANG_WARN__DUPLICATE_METHOD_MATCH = YES;
				COPY_PHASE_STRIP = NO;
				DEBUG_INFORMATION_FORMAT = dwarf;
				ENABLE_STRICT_OBJC_MSGSEND = YES;
				ENABLE_TESTABILITY = YES;
				GCC_C_LANGUAGE_STANDARD = gnu11;
				GCC_DYNAMIC_NO_PIC = NO;
				GCC_NO_COMMON_BLOCKS = YES;
				GCC_OPTIMIZATION_LEVEL = 0;
				GCC_PREPROCESSOR_DEFINITIONS = (
					"DEBUG=1",
					"$(inherited)",
				);
				GCC_WARN_64_TO_32_BIT_CONVERSION = YES;
				GCC_WARN_ABOUT_RETURN_TYPE = YES_ERROR;
				GCC_WARN_UNDECLARED_SELECTOR = YES;
				GCC_WARN_UNINITIALIZED_AUTOS = YES_AGGRESSIVE;
				GCC_WARN_UNUSED_FUNCTION = YES;
				GCC_WARN_UNUSED_VARIABLE = YES;
				IPHONEOS_DEPLOYMENT_TARGET = 13.5;
				MTL_ENABLE_DEBUG_INFO = INCLUDE_SOURCE;
				MTL_FAST_MATH = YES;
				ONLY_ACTIVE_ARCH = YES;
				SDKROOT = iphoneos;
				SWIFT_ACTIVE_COMPILATION_CONDITIONS = DEBUG;
				SWIFT_OPTIMIZATION_LEVEL = "-Onone";
			};
			name = Debug;
		};
		91009BF024A480BC00CCC8E4 /* Release */ = {
			isa = XCBuildConfiguration;
			buildSettings = {
				ALWAYS_SEARCH_USER_PATHS = NO;
				CLANG_ANALYZER_NONNULL = YES;
				CLANG_ANALYZER_NUMBER_OBJECT_CONVERSION = YES_AGGRESSIVE;
				CLANG_CXX_LANGUAGE_STANDARD = "gnu++14";
				CLANG_CXX_LIBRARY = "libc++";
				CLANG_ENABLE_MODULES = YES;
				CLANG_ENABLE_OBJC_ARC = YES;
				CLANG_ENABLE_OBJC_WEAK = YES;
				CLANG_WARN_BLOCK_CAPTURE_AUTORELEASING = YES;
				CLANG_WARN_BOOL_CONVERSION = YES;
				CLANG_WARN_COMMA = YES;
				CLANG_WARN_CONSTANT_CONVERSION = YES;
				CLANG_WARN_DEPRECATED_OBJC_IMPLEMENTATIONS = YES;
				CLANG_WARN_DIRECT_OBJC_ISA_USAGE = YES_ERROR;
				CLANG_WARN_DOCUMENTATION_COMMENTS = YES;
				CLANG_WARN_EMPTY_BODY = YES;
				CLANG_WARN_ENUM_CONVERSION = YES;
				CLANG_WARN_INFINITE_RECURSION = YES;
				CLANG_WARN_INT_CONVERSION = YES;
				CLANG_WARN_NON_LITERAL_NULL_CONVERSION = YES;
				CLANG_WARN_OBJC_IMPLICIT_RETAIN_SELF = YES;
				CLANG_WARN_OBJC_LITERAL_CONVERSION = YES;
				CLANG_WARN_OBJC_ROOT_CLASS = YES_ERROR;
				CLANG_WARN_RANGE_LOOP_ANALYSIS = YES;
				CLANG_WARN_STRICT_PROTOTYPES = YES;
				CLANG_WARN_SUSPICIOUS_MOVE = YES;
				CLANG_WARN_UNGUARDED_AVAILABILITY = YES_AGGRESSIVE;
				CLANG_WARN_UNREACHABLE_CODE = YES;
				CLANG_WARN__DUPLICATE_METHOD_MATCH = YES;
				COPY_PHASE_STRIP = NO;
				DEBUG_INFORMATION_FORMAT = "dwarf-with-dsym";
				ENABLE_NS_ASSERTIONS = NO;
				ENABLE_STRICT_OBJC_MSGSEND = YES;
				GCC_C_LANGUAGE_STANDARD = gnu11;
				GCC_NO_COMMON_BLOCKS = YES;
				GCC_WARN_64_TO_32_BIT_CONVERSION = YES;
				GCC_WARN_ABOUT_RETURN_TYPE = YES_ERROR;
				GCC_WARN_UNDECLARED_SELECTOR = YES;
				GCC_WARN_UNINITIALIZED_AUTOS = YES_AGGRESSIVE;
				GCC_WARN_UNUSED_FUNCTION = YES;
				GCC_WARN_UNUSED_VARIABLE = YES;
				IPHONEOS_DEPLOYMENT_TARGET = 13.5;
				MTL_ENABLE_DEBUG_INFO = NO;
				MTL_FAST_MATH = YES;
				SDKROOT = iphoneos;
				SWIFT_COMPILATION_MODE = wholemodule;
				SWIFT_OPTIMIZATION_LEVEL = "-O";
				VALIDATE_PRODUCT = YES;
			};
			name = Release;
		};
		91009BF224A480BC00CCC8E4 /* Debug */ = {
			isa = XCBuildConfiguration;
			buildSettings = {
				ASSETCATALOG_COMPILER_APPICON_NAME = AppIcon;
				CODE_SIGN_STYLE = Automatic;
				DEVELOPMENT_ASSET_PATHS = "\"E-CommerceApp/Preview Content\"";
				ENABLE_PREVIEWS = YES;
				INFOPLIST_FILE = "E-CommerceApp/Info.plist";
				LD_RUNPATH_SEARCH_PATHS = (
					"$(inherited)",
					"@executable_path/Frameworks",
				);
				PRODUCT_BUNDLE_IDENTIFIER = "com.theappmaker.E-CommerceApp";
				PRODUCT_NAME = "$(TARGET_NAME)";
				SWIFT_VERSION = 5.0;
				TARGETED_DEVICE_FAMILY = "1,2";
			};
			name = Debug;
		};
		91009BF324A480BC00CCC8E4 /* Release */ = {
			isa = XCBuildConfiguration;
			buildSettings = {
				ASSETCATALOG_COMPILER_APPICON_NAME = AppIcon;
				CODE_SIGN_STYLE = Automatic;
				DEVELOPMENT_ASSET_PATHS = "\"E-CommerceApp/Preview Content\"";
				ENABLE_PREVIEWS = YES;
				INFOPLIST_FILE = "E-CommerceApp/Info.plist";
				LD_RUNPATH_SEARCH_PATHS = (
					"$(inherited)",
					"@executable_path/Frameworks",
				);
				PRODUCT_BUNDLE_IDENTIFIER = "com.theappmaker.E-CommerceApp";
				PRODUCT_NAME = "$(TARGET_NAME)";
				SWIFT_VERSION = 5.0;
				TARGETED_DEVICE_FAMILY = "1,2";
			};
			name = Release;
		};
		91009BF524A480BC00CCC8E4 /* Debug */ = {
			isa = XCBuildConfiguration;
			buildSettings = {
				ALWAYS_EMBED_SWIFT_STANDARD_LIBRARIES = YES;
				BUNDLE_LOADER = "$(TEST_HOST)";
				CODE_SIGN_STYLE = Automatic;
				INFOPLIST_FILE = "E-CommerceAppTests/Info.plist";
				IPHONEOS_DEPLOYMENT_TARGET = 13.5;
				LD_RUNPATH_SEARCH_PATHS = (
					"$(inherited)",
					"@executable_path/Frameworks",
					"@loader_path/Frameworks",
				);
				PRODUCT_BUNDLE_IDENTIFIER = "com.theappmaker.E-CommerceAppTests";
				PRODUCT_NAME = "$(TARGET_NAME)";
				SWIFT_VERSION = 5.0;
				TARGETED_DEVICE_FAMILY = "1,2";
				TEST_HOST = "$(BUILT_PRODUCTS_DIR)/E-CommerceApp.app/E-CommerceApp";
			};
			name = Debug;
		};
		91009BF624A480BC00CCC8E4 /* Release */ = {
			isa = XCBuildConfiguration;
			buildSettings = {
				ALWAYS_EMBED_SWIFT_STANDARD_LIBRARIES = YES;
				BUNDLE_LOADER = "$(TEST_HOST)";
				CODE_SIGN_STYLE = Automatic;
				INFOPLIST_FILE = "E-CommerceAppTests/Info.plist";
				IPHONEOS_DEPLOYMENT_TARGET = 13.5;
				LD_RUNPATH_SEARCH_PATHS = (
					"$(inherited)",
					"@executable_path/Frameworks",
					"@loader_path/Frameworks",
				);
				PRODUCT_BUNDLE_IDENTIFIER = "com.theappmaker.E-CommerceAppTests";
				PRODUCT_NAME = "$(TARGET_NAME)";
				SWIFT_VERSION = 5.0;
				TARGETED_DEVICE_FAMILY = "1,2";
				TEST_HOST = "$(BUILT_PRODUCTS_DIR)/E-CommerceApp.app/E-CommerceApp";
			};
			name = Release;
		};
/* End XCBuildConfiguration section */

/* Begin XCConfigurationList section */
		91009BCD24A480BB00CCC8E4 /* Build configuration list for PBXProject "E-CommerceApp" */ = {
			isa = XCConfigurationList;
			buildConfigurations = (
				91009BEF24A480BC00CCC8E4 /* Debug */,
				91009BF024A480BC00CCC8E4 /* Release */,
			);
			defaultConfigurationIsVisible = 0;
			defaultConfigurationName = Release;
		};
		91009BF124A480BC00CCC8E4 /* Build configuration list for PBXNativeTarget "E-CommerceApp" */ = {
			isa = XCConfigurationList;
			buildConfigurations = (
				91009BF224A480BC00CCC8E4 /* Debug */,
				91009BF324A480BC00CCC8E4 /* Release */,
			);
			defaultConfigurationIsVisible = 0;
			defaultConfigurationName = Release;
		};
		91009BF424A480BC00CCC8E4 /* Build configuration list for PBXNativeTarget "E-CommerceAppTests" */ = {
			isa = XCConfigurationList;
			buildConfigurations = (
				91009BF524A480BC00CCC8E4 /* Debug */,
				91009BF624A480BC00CCC8E4 /* Release */,
			);
			defaultConfigurationIsVisible = 0;
			defaultConfigurationName = Release;
		};
/* End XCConfigurationList section */
	};
	rootObject = 91009BCA24A480BB00CCC8E4 /* Project object */;
}
